
Microsoft Visual Studio Solution File, Format Version 12.00
# Visual Studio 2013
VisualStudioVersion = 12.0.30723.0
MinimumVisualStudioVersion = 10.0.40219.1
Project("{FAE04EC0-301F-11D3-BF4B-00C04F79EFBC}") = "Practicum", "Practicum.csproj", "{1725C27A-7985-413A-A60E-C4BDC4D460ED}"
EndProject
Project("{FAE04EC0-301F-11D3-BF4B-00C04F79EFBC}") = "Practicum.Tests", "Practicum.Tests\Practicum.Tests.csproj", "{3682CCA2-4BA4-4F9A-B021-5B8E58F637EF}"
EndProject
Global
	GlobalSection(SolutionConfigurationPlatforms) = preSolution
		Debug|Any CPU = Debug|Any CPU
		Release|Any CPU = Release|Any CPU
	EndGlobalSection
	GlobalSection(ProjectConfigurationPlatforms) = postSolution
		{1725C27A-7985-413A-A60E-C4BDC4D460ED}.Debug|Any CPU.ActiveCfg = Debug|Any CPU
		{1725C27A-7985-413A-A60E-C4BDC4D460ED}.Debug|Any CPU.Build.0 = Debug|Any CPU
		{1725C27A-7985-413A-A60E-C4BDC4D460ED}.Release|Any CPU.ActiveCfg = Release|Any CPU
		{1725C27A-7985-413A-A60E-C4BDC4D460ED}.Release|Any CPU.Build.0 = Release|Any CPU
		{3682CCA2-4BA4-4F9A-B021-5B8E58F637EF}.Debug|Any CPU.ActiveCfg = Debug|Any CPU
		{3682CCA2-4BA4-4F9A-B021-5B8E58F637EF}.Debug|Any CPU.Build.0 = Debug|Any CPU
		{3682CCA2-4BA4-4F9A-B021-5B8E58F637EF}.Release|Any CPU.ActiveCfg = Release|Any CPU
		{3682CCA2-4BA4-4F9A-B021-5B8E58F637EF}.Release|Any CPU.Build.0 = Release|Any CPU
	EndGlobalSection
	GlobalSection(SolutionProperties) = preSolution
		HideSolutionNode = FALSE
	EndGlobalSection
EndGlobal
